# This file is automatically @generated by Poetry 1.6.1 and should not be changed by hand.

[[package]]
name = "anyio"
version = "4.0.0"
description = "High level compatibility layer for multiple asynchronous event loop implementations"
optional = false
python-versions = ">=3.8"
files = [
    {file = "anyio-4.0.0-py3-none-any.whl", hash = "sha256:cfdb2b588b9fc25ede96d8db56ed50848b0b649dca3dd1df0b11f683bb9e0b5f"},
    {file = "anyio-4.0.0.tar.gz", hash = "sha256:f7ed51751b2c2add651e5747c891b47e26d2a21be5d32d9311dfe9692f3e5d7a"},
]

[package.dependencies]
idna = ">=2.8"
sniffio = ">=1.1"

[package.extras]
doc = ["Sphinx (>=7)", "packaging", "sphinx-autodoc-typehints (>=1.2.0)"]
test = ["anyio[trio]", "coverage[toml] (>=7)", "hypothesis (>=4.0)", "psutil (>=5.9)", "pytest (>=7.0)", "pytest-mock (>=3.6.1)", "trustme", "uvloop (>=0.17)"]
trio = ["trio (>=0.22)"]

[[package]]
name = "certifi"
version = "2023.7.22"
description = "Python package for providing Mozilla's CA Bundle."
optional = false
python-versions = ">=3.6"
files = [
    {file = "certifi-2023.7.22-py3-none-any.whl", hash = "sha256:92d6037539857d8206b8f6ae472e8b77db8058fec5937a1ef3f54304089edbb9"},
    {file = "certifi-2023.7.22.tar.gz", hash = "sha256:539cc1d13202e33ca466e88b2807e29f4c13049d6d87031a3c110744495cb082"},
]

[[package]]
name = "h11"
version = "0.14.0"
description = "A pure-Python, bring-your-own-I/O implementation of HTTP/1.1"
optional = false
python-versions = ">=3.7"
files = [
    {file = "h11-0.14.0-py3-none-any.whl", hash = "sha256:e3fe4ac4b851c468cc8363d500db52c2ead036020723024a109d37346efaa761"},
    {file = "h11-0.14.0.tar.gz", hash = "sha256:8f19fbbe99e72420ff35c00b27a34cb9937e902a8b810e2c88300c6f0a3b699d"},
]

[[package]]
name = "httpcore"
version = "0.18.0"
description = "A minimal low-level HTTP client."
optional = false
python-versions = ">=3.8"
files = [
    {file = "httpcore-0.18.0-py3-none-any.whl", hash = "sha256:adc5398ee0a476567bf87467063ee63584a8bce86078bf748e48754f60202ced"},
    {file = "httpcore-0.18.0.tar.gz", hash = "sha256:13b5e5cd1dca1a6636a6aaea212b19f4f85cd88c366a2b82304181b769aab3c9"},
]

[package.dependencies]
anyio = ">=3.0,<5.0"
certifi = "*"
h11 = ">=0.13,<0.15"
sniffio = "==1.*"

[package.extras]
http2 = ["h2 (>=3,<5)"]
socks = ["socksio (==1.*)"]

[[package]]
name = "httpx"
version = "0.25.0"
description = "The next generation HTTP client."
optional = false
python-versions = ">=3.8"
files = [
    {file = "httpx-0.25.0-py3-none-any.whl", hash = "sha256:181ea7f8ba3a82578be86ef4171554dd45fec26a02556a744db029a0a27b7100"},
    {file = "httpx-0.25.0.tar.gz", hash = "sha256:47ecda285389cb32bb2691cc6e069e3ab0205956f681c5b2ad2325719751d875"},
]

[package.dependencies]
certifi = "*"
httpcore = ">=0.18.0,<0.19.0"
idna = "*"
sniffio = "*"

[package.extras]
brotli = ["brotli", "brotlicffi"]
cli = ["click (==8.*)", "pygments (==2.*)", "rich (>=10,<14)"]
http2 = ["h2 (>=3,<5)"]
socks = ["socksio (==1.*)"]

[[package]]
name = "idna"
version = "3.4"
description = "Internationalized Domain Names in Applications (IDNA)"
optional = false
python-versions = ">=3.5"
files = [
    {file = "idna-3.4-py3-none-any.whl", hash = "sha256:90b77e79eaa3eba6de819a0c442c0b4ceefc341a7a2ab77d7562bf49f425c5c2"},
    {file = "idna-3.4.tar.gz", hash = "sha256:814f528e8dead7d329833b91c5faa87d60bf71824cd12a7530b5526063d02cb4"},
]

[[package]]
name = "mysql-connector-python"
version = "8.2.0"
description = "MySQL driver written in Python"
optional = false
python-versions = ">=3.8"
files = [
    {file = "mysql-connector-python-8.2.0.tar.gz", hash = "sha256:884eba07b4c97edf552a03f5fdca145e0ab4afc3d8677cca20276effca1bea54"},
    {file = "mysql_connector_python-8.2.0-cp310-cp310-macosx_12_0_arm64.whl", hash = "sha256:37ca26d7b10580b836f038d42f21ba9e6c88542868d50f55defdbd2dc8e0c0e6"},
    {file = "mysql_connector_python-8.2.0-cp310-cp310-macosx_12_0_x86_64.whl", hash = "sha256:9d598cc854d1b61eabad7cbf003cfe59970aae80384f5ff18a5cc3fba7becdcc"},
    {file = "mysql_connector_python-8.2.0-cp310-cp310-manylinux_2_17_aarch64.whl", hash = "sha256:4828a08b738174cacb0985df01120e0a2f0ba534c9d2f67d6613b0930a0fe3cd"},
    {file = "mysql_connector_python-8.2.0-cp310-cp310-manylinux_2_17_x86_64.whl", hash = "sha256:4b2de9dd56de4874c30364023b59991399222cf73ec744da590cf9eef2623c26"},
    {file = "mysql_connector_python-8.2.0-cp310-cp310-win_amd64.whl", hash = "sha256:858490bb450b6ae45f415d2205d65a12e84e3445c7b9736e1d1552b685bf237a"},
    {file = "mysql_connector_python-8.2.0-cp311-cp311-macosx_12_0_arm64.whl", hash = "sha256:5d1e1399a9feb45fc8caca6168ff35d31a8124693f24391153764bccc61d15ad"},
    {file = "mysql_connector_python-8.2.0-cp311-cp311-macosx_12_0_x86_64.whl", hash = "sha256:a0308455462d4078baf516255662a46611eb12fc8d83d40dea38df3032d2566d"},
    {file = "mysql_connector_python-8.2.0-cp311-cp311-manylinux_2_17_aarch64.whl", hash = "sha256:539300944c36566e91d131e106dbf0a90cde697ba88247a820f5af9caea2e5c2"},
    {file = "mysql_connector_python-8.2.0-cp311-cp311-manylinux_2_17_x86_64.whl", hash = "sha256:66d755b94f547d6fcdee9f2256805a4534103363e35d185d3800bfc5274e1f4f"},
    {file = "mysql_connector_python-8.2.0-cp311-cp311-win_amd64.whl", hash = "sha256:877076f2d71d268fb1b334c85a20ef1d42096ceb6580b25229be4510ebf5a0c5"},
    {file = "mysql_connector_python-8.2.0-cp312-cp312-macosx_12_0_arm64.whl", hash = "sha256:b3f64b1fd2de2e8ed5c9ddd388efce8c6804a8633e18dbb45563a6ae61fbc45b"},
    {file = "mysql_connector_python-8.2.0-cp312-cp312-macosx_12_0_x86_64.whl", hash = "sha256:e9eacdc3fa5f61276c1549ca7c471a6fde576692881a70dcbac8258314015347"},
    {file = "mysql_connector_python-8.2.0-cp312-cp312-manylinux_2_17_aarch64.whl", hash = "sha256:230a34df2f3c4f36acf426361914b8552f129538a5e2256d489dca2b39f2f031"},
    {file = "mysql_connector_python-8.2.0-cp312-cp312-manylinux_2_17_x86_64.whl", hash = "sha256:26e19a4469276870ccc0a04db30c534519f0f774a5949370ff0dc03e7cfc071c"},
    {file = "mysql_connector_python-8.2.0-cp312-cp312-win_amd64.whl", hash = "sha256:e0b8af0d8c56619875dee4168b1bf77e17a4c1c5e1df935623d264729df70227"},
    {file = "mysql_connector_python-8.2.0-cp38-cp38-macosx_12_0_x86_64.whl", hash = "sha256:81ac2e409b604bcf2ae6e18bc477f8f6e509ea5004c8dba291afe3d2591f0a3f"},
    {file = "mysql_connector_python-8.2.0-cp38-cp38-manylinux_2_17_aarch64.whl", hash = "sha256:98606e893bc2343ccc9254f248e4bd5bae18cb03bf4931f3b1657900cd647718"},
    {file = "mysql_connector_python-8.2.0-cp38-cp38-manylinux_2_17_x86_64.whl", hash = "sha256:e33677bcf6c2bdee7f25f3b38da7a204ab761e3b6763cbb2a413a5300c151059"},
    {file = "mysql_connector_python-8.2.0-cp38-cp38-win_amd64.whl", hash = "sha256:55a58e57824b03f31befdd460b1dd173a05605bfac25278cd9845f3927c94399"},
    {file = "mysql_connector_python-8.2.0-cp39-cp39-macosx_12_0_arm64.whl", hash = "sha256:86e30370b6c38a9aaeae042eade5eea95000f6eb93b3802a8a215750a29a48c1"},
    {file = "mysql_connector_python-8.2.0-cp39-cp39-macosx_12_0_x86_64.whl", hash = "sha256:6ac2c0d9c0248df8a62a736ae9024e1934acdbdf9ce3b2ab57b2a99c1da5f028"},
    {file = "mysql_connector_python-8.2.0-cp39-cp39-manylinux_2_17_aarch64.whl", hash = "sha256:8c3ed071e19981e8e4ae64c1e3ded050571637a8d519669c03be5e1029c04ef7"},
    {file = "mysql_connector_python-8.2.0-cp39-cp39-manylinux_2_17_x86_64.whl", hash = "sha256:717472cab0c4d5000cf60797be4d453b60d9ec98ec446c1e3c399fdd43941cb9"},
    {file = "mysql_connector_python-8.2.0-cp39-cp39-win_amd64.whl", hash = "sha256:df033ca9c76f3a7c3500baea109127bc872c79431e9de691ffce4c2878af2828"},
    {file = "mysql_connector_python-8.2.0-py2.py3-none-any.whl", hash = "sha256:59d4ea8253edbca7cbd1ac25ed524fcf5d8e34ee7ef5fb1be9e3026852b88126"},
]

[package.dependencies]
protobuf = ">=4.21.1,<=4.21.12"

[package.extras]
compression = ["lz4 (>=2.1.6,<=4.3.2)", "zstandard (>=0.12.0,<=0.19.0)"]
dns-srv = ["dnspython (>=1.16.0,<=2.3.0)"]
gssapi = ["gssapi (>=1.6.9,<=1.8.2)"]
opentelemetry = ["Deprecated (>=1.2.6)", "typing-extensions (>=3.7.4)", "zipp (>=0.5)"]

[[package]]
name = "mysqlclient"
version = "2.2.0"
description = "Python interface to MySQL"
optional = false
python-versions = ">=3.8"
files = [
    {file = "mysqlclient-2.2.0-cp310-cp310-win_amd64.whl", hash = "sha256:68837b6bb23170acffb43ae411e47533a560b6360c06dac39aa55700972c93b2"},
    {file = "mysqlclient-2.2.0-cp311-cp311-win_amd64.whl", hash = "sha256:5670679ff1be1cc3fef0fa81bf39f0cd70605ba121141050f02743eb878ac114"},
    {file = "mysqlclient-2.2.0-cp38-cp38-win_amd64.whl", hash = "sha256:004fe1d30d2c2ff8072f8ea513bcec235fd9b896f70dad369461d0ad7e570e98"},
    {file = "mysqlclient-2.2.0-cp39-cp39-win_amd64.whl", hash = "sha256:9c6b142836c7dba4f723bf9c93cc46b6e5081d65b2af807f400dda9eb85a16d0"},
    {file = "mysqlclient-2.2.0-pp38-pypy38_pp73-win_amd64.whl", hash = "sha256:955dba905a7443ce4788c63fdb9f8d688316260cf60b20ff51ac3b1c77616ede"},
    {file = "mysqlclient-2.2.0-pp39-pypy39_pp73-win_amd64.whl", hash = "sha256:530ece9995a36cadb6211b9787f0c9e05cdab6702549bdb4236af5e9b535ed6a"},
    {file = "mysqlclient-2.2.0.tar.gz", hash = "sha256:04368445f9c487d8abb7a878e3d23e923e6072c04a6c320f9e0dc8a82efba14e"},
]

[[package]]
name = "protobuf"
version = "4.21.12"
description = ""
optional = false
python-versions = ">=3.7"
files = [
    {file = "protobuf-4.21.12-cp310-abi3-win32.whl", hash = "sha256:b135410244ebe777db80298297a97fbb4c862c881b4403b71bac9d4107d61fd1"},
    {file = "protobuf-4.21.12-cp310-abi3-win_amd64.whl", hash = "sha256:89f9149e4a0169cddfc44c74f230d7743002e3aa0b9472d8c28f0388102fc4c2"},
    {file = "protobuf-4.21.12-cp37-abi3-macosx_10_9_universal2.whl", hash = "sha256:299ea899484ee6f44604deb71f424234f654606b983cb496ea2a53e3c63ab791"},
    {file = "protobuf-4.21.12-cp37-abi3-manylinux2014_aarch64.whl", hash = "sha256:d1736130bce8cf131ac7957fa26880ca19227d4ad68b4888b3be0dea1f95df97"},
    {file = "protobuf-4.21.12-cp37-abi3-manylinux2014_x86_64.whl", hash = "sha256:78a28c9fa223998472886c77042e9b9afb6fe4242bd2a2a5aced88e3f4422aa7"},
    {file = "protobuf-4.21.12-cp37-cp37m-win32.whl", hash = "sha256:3d164928ff0727d97022957c2b849250ca0e64777ee31efd7d6de2e07c494717"},
    {file = "protobuf-4.21.12-cp37-cp37m-win_amd64.whl", hash = "sha256:f45460f9ee70a0ec1b6694c6e4e348ad2019275680bd68a1d9314b8c7e01e574"},
    {file = "protobuf-4.21.12-cp38-cp38-win32.whl", hash = "sha256:6ab80df09e3208f742c98443b6166bcb70d65f52cfeb67357d52032ea1ae9bec"},
    {file = "protobuf-4.21.12-cp38-cp38-win_amd64.whl", hash = "sha256:1f22ac0ca65bb70a876060d96d914dae09ac98d114294f77584b0d2644fa9c30"},
    {file = "protobuf-4.21.12-cp39-cp39-win32.whl", hash = "sha256:27f4d15021da6d2b706ddc3860fac0a5ddaba34ab679dc182b60a8bb4e1121cc"},
    {file = "protobuf-4.21.12-cp39-cp39-win_amd64.whl", hash = "sha256:237216c3326d46808a9f7c26fd1bd4b20015fb6867dc5d263a493ef9a539293b"},
    {file = "protobuf-4.21.12-py2.py3-none-any.whl", hash = "sha256:a53fd3f03e578553623272dc46ac2f189de23862e68565e83dde203d41b76fc5"},
    {file = "protobuf-4.21.12-py3-none-any.whl", hash = "sha256:b98d0148f84e3a3c569e19f52103ca1feacdac0d2df8d6533cf983d1fda28462"},
    {file = "protobuf-4.21.12.tar.gz", hash = "sha256:7cd532c4566d0e6feafecc1059d04c7915aec8e182d1cf7adee8b24ef1e2e6ab"},
]

[[package]]
name = "python-dotenv"
version = "1.0.0"
description = "Read key-value pairs from a .env file and set them as environment variables"
optional = false
python-versions = ">=3.8"
files = [
    {file = "python-dotenv-1.0.0.tar.gz", hash = "sha256:a8df96034aae6d2d50a4ebe8216326c61c3eb64836776504fcca410e5937a3ba"},
    {file = "python_dotenv-1.0.0-py3-none-any.whl", hash = "sha256:f5971a9226b701070a4bf2c38c89e5a3f0d64de8debda981d1db98583009122a"},
]

[package.extras]
cli = ["click (>=5.0)"]

[[package]]
name = "python-telegram-bot"
version = "20.6"
description = "We have made you a wrapper you can't refuse"
optional = false
python-versions = ">=3.8"
files = [
    {file = "python-telegram-bot-20.6.tar.gz", hash = "sha256:c6951dc6b9368d80a17b5d0496ced39bca2c9bafab06cbfdae6226493d8b06fe"},
    {file = "python_telegram_bot-20.6-py3-none-any.whl", hash = "sha256:be8ebda350fd0c69c3ebdd7ce87b1e6f8b3fb1d218a193dd821d1d6285b9f649"},
]

[package.dependencies]
httpx = ">=0.25.0,<0.26.0"
tornado = {version = ">=6.3.3,<6.4.0", optional = true, markers = "extra == \"webhooks\""}

[package.extras]
all = ["APScheduler (>=3.10.4,<3.11.0)", "aiolimiter (>=1.1.0,<1.2.0)", "cachetools (>=5.3.1,<5.4.0)", "cryptography (>=39.0.1)", "httpx[http2]", "httpx[socks]", "pytz (>=2018.6)", "tornado (>=6.3.3,<6.4.0)"]
callback-data = ["cachetools (>=5.3.1,<5.4.0)"]
ext = ["APScheduler (>=3.10.4,<3.11.0)", "aiolimiter (>=1.1.0,<1.2.0)", "cachetools (>=5.3.1,<5.4.0)", "pytz (>=2018.6)", "tornado (>=6.3.3,<6.4.0)"]
http2 = ["httpx[http2]"]
job-queue = ["APScheduler (>=3.10.4,<3.11.0)", "pytz (>=2018.6)"]
passport = ["cryptography (>=39.0.1)"]
rate-limiter = ["aiolimiter (>=1.1.0,<1.2.0)"]
socks = ["httpx[socks]"]
webhooks = ["tornado (>=6.3.3,<6.4.0)"]

[[package]]
name = "sniffio"
version = "1.3.0"
description = "Sniff out which async library your code is running under"
optional = false
python-versions = ">=3.7"
files = [
    {file = "sniffio-1.3.0-py3-none-any.whl", hash = "sha256:eecefdce1e5bbfb7ad2eeaabf7c1eeb404d7757c379bd1f7e5cce9d8bf425384"},
    {file = "sniffio-1.3.0.tar.gz", hash = "sha256:e60305c5e5d314f5389259b7f22aaa33d8f7dee49763119234af3755c55b9101"},
]

[[package]]
name = "tornado"
version = "6.3.3"
description = "Tornado is a Python web framework and asynchronous networking library, originally developed at FriendFeed."
optional = false
python-versions = ">= 3.8"
files = [
    {file = "tornado-6.3.3-cp38-abi3-macosx_10_9_universal2.whl", hash = "sha256:502fba735c84450974fec147340016ad928d29f1e91f49be168c0a4c18181e1d"},
    {file = "tornado-6.3.3-cp38-abi3-macosx_10_9_x86_64.whl", hash = "sha256:805d507b1f588320c26f7f097108eb4023bbaa984d63176d1652e184ba24270a"},
    {file = "tornado-6.3.3-cp38-abi3-manylinux_2_17_aarch64.manylinux2014_aarch64.whl", hash = "sha256:1bd19ca6c16882e4d37368e0152f99c099bad93e0950ce55e71daed74045908f"},
    {file = "tornado-6.3.3-cp38-abi3-manylinux_2_5_i686.manylinux1_i686.manylinux_2_17_i686.manylinux2014_i686.whl", hash = "sha256:7ac51f42808cca9b3613f51ffe2a965c8525cb1b00b7b2d56828b8045354f76a"},
    {file = "tornado-6.3.3-cp38-abi3-manylinux_2_5_x86_64.manylinux1_x86_64.manylinux_2_17_x86_64.manylinux2014_x86_64.whl", hash = "sha256:71a8db65160a3c55d61839b7302a9a400074c9c753040455494e2af74e2501f2"},
    {file = "tornado-6.3.3-cp38-abi3-musllinux_1_1_aarch64.whl", hash = "sha256:ceb917a50cd35882b57600709dd5421a418c29ddc852da8bcdab1f0db33406b0"},
    {file = "tornado-6.3.3-cp38-abi3-musllinux_1_1_i686.whl", hash = "sha256:7d01abc57ea0dbb51ddfed477dfe22719d376119844e33c661d873bf9c0e4a16"},
    {file = "tornado-6.3.3-cp38-abi3-musllinux_1_1_x86_64.whl", hash = "sha256:9dc4444c0defcd3929d5c1eb5706cbe1b116e762ff3e0deca8b715d14bf6ec17"},
    {file = "tornado-6.3.3-cp38-abi3-win32.whl", hash = "sha256:65ceca9500383fbdf33a98c0087cb975b2ef3bfb874cb35b8de8740cf7f41bd3"},
    {file = "tornado-6.3.3-cp38-abi3-win_amd64.whl", hash = "sha256:22d3c2fa10b5793da13c807e6fc38ff49a4f6e1e3868b0a6f4164768bb8e20f5"},
    {file = "tornado-6.3.3.tar.gz", hash = "sha256:e7d8db41c0181c80d76c982aacc442c0783a2c54d6400fe028954201a2e032fe"},
]

[metadata]
lock-version = "2.0"
python-versions = "^3.11"
content-hash = "1df73b5f8e365a80ea95073c460b569c4e5cac523797c6357ebb569fcf4c60e6"
